// !$*UTF8*$!
{
	archiveVersion = 1;
	classes = {
	};
	objectVersion = 46;
	objects = {

/* Begin PBXBuildFile section */
		1E0E5E5818B8218F003B20BE /* CoreMotion.framework in Frameworks */ = {isa = PBXBuildFile; fileRef = 1E0E5E5718B8218F003B20BE /* CoreMotion.framework */; };
		D30CEEC5189B4D720088CCE4 /* Foundation.framework in Frameworks */ = {isa = PBXBuildFile; fileRef = D30CEEC4189B4D720088CCE4 /* Foundation.framework */; };
		D30CEEC7189B4D720088CCE4 /* CoreGraphics.framework in Frameworks */ = {isa = PBXBuildFile; fileRef = D30CEEC6189B4D720088CCE4 /* CoreGraphics.framework */; };
		D30CEEC9189B4D720088CCE4 /* UIKit.framework in Frameworks */ = {isa = PBXBuildFile; fileRef = D30CEEC8189B4D720088CCE4 /* UIKit.framework */; };
		D30CEECF189B4D720088CCE4 /* InfoPlist.strings in Resources */ = {isa = PBXBuildFile; fileRef = D30CEECD189B4D720088CCE4 /* InfoPlist.strings */; };
		D30CEED1189B4D720088CCE4 /* main.m in Sources */ = {isa = PBXBuildFile; fileRef = D30CEED0189B4D720088CCE4 /* main.m */; };
		D30CEED5189B4D720088CCE4 /* WYAppDelegate.m in Sources */ = {isa = PBXBuildFile; fileRef = D30CEED4189B4D720088CCE4 /* WYAppDelegate.m */; };
		D30CEED8189B4D720088CCE4 /* Main.storyboard in Resources */ = {isa = PBXBuildFile; fileRef = D30CEED6189B4D720088CCE4 /* Main.storyboard */; };
		D30CEEDD189B4D720088CCE4 /* Images.xcassets in Resources */ = {isa = PBXBuildFile; fileRef = D30CEEDC189B4D720088CCE4 /* Images.xcassets */; };
		D30CEEE4189B4D720088CCE4 /* XCTest.framework in Frameworks */ = {isa = PBXBuildFile; fileRef = D30CEEE3189B4D720088CCE4 /* XCTest.framework */; };
		D30CEEE5189B4D720088CCE4 /* Foundation.framework in Frameworks */ = {isa = PBXBuildFile; fileRef = D30CEEC4189B4D720088CCE4 /* Foundation.framework */; };
		D30CEEE6189B4D720088CCE4 /* UIKit.framework in Frameworks */ = {isa = PBXBuildFile; fileRef = D30CEEC8189B4D720088CCE4 /* UIKit.framework */; };
		D30CEEEE189B4D720088CCE4 /* InfoPlist.strings in Resources */ = {isa = PBXBuildFile; fileRef = D30CEEEC189B4D720088CCE4 /* InfoPlist.strings */; };
		D31A0FE0190A42390000964B /* iTunesArtwork in Resources */ = {isa = PBXBuildFile; fileRef = D31A0FDF190A42390000964B /* iTunesArtwork */; };
		D37B963218B0A9C200623499 /* WYMainController.m in Sources */ = {isa = PBXBuildFile; fileRef = D37B963118B0A9C200623499 /* WYMainController.m */; };
		D38857E91909D3BC002EC616 /* WYLunarMap.m in Sources */ = {isa = PBXBuildFile; fileRef = D38857E81909D3BC002EC616 /* WYLunarMap.m */; };
		D38857F1190FF16D002EC616 /* DPLinearCalendarCell.m in Sources */ = {isa = PBXBuildFile; fileRef = D38857EC190FF16D002EC616 /* DPLinearCalendarCell.m */; };
		D38857F2190FF16D002EC616 /* DPLinearCalendarScrollView.m in Sources */ = {isa = PBXBuildFile; fileRef = D38857EE190FF16D002EC616 /* DPLinearCalendarScrollView.m */; };
		D38857F3190FF16D002EC616 /* NSDate+Helpers.m in Sources */ = {isa = PBXBuildFile; fileRef = D38857F0190FF16D002EC616 /* NSDate+Helpers.m */; };
		D38857F61912116C002EC616 /* WYDate.m in Sources */ = {isa = PBXBuildFile; fileRef = D38857F51912116C002EC616 /* WYDate.m */; };
		D38857F819122CB3002EC616 /* WYDateTest.m in Sources */ = {isa = PBXBuildFile; fileRef = D38857F719122CB3002EC616 /* WYDateTest.m */; };
		D3C08D8B190B5A3500377905 /* WYCurrentMonthView.m in Sources */ = {isa = PBXBuildFile; fileRef = D3C08D8A190B5A3500377905 /* WYCurrentMonthView.m */; };
		D3C08D8D190B5B0800377905 /* README.md in Resources */ = {isa = PBXBuildFile; fileRef = D3C08D8C190B5B0800377905 /* README.md */; };
		D3C08D90190BEEAF00377905 /* backImage@2x.png in Resources */ = {isa = PBXBuildFile; fileRef = D3C08D8E190BEEAF00377905 /* backImage@2x.png */; };
		D3C08D91190BEEAF00377905 /* backImage.png in Resources */ = {isa = PBXBuildFile; fileRef = D3C08D8F190BEEAF00377905 /* backImage.png */; };
		D3E62B08190E11200084C309 /* CoreText.framework in Frameworks */ = {isa = PBXBuildFile; fileRef = D3E62B07190E11200084C309 /* CoreText.framework */; };
		D3EBBFB418AE60910053799A /* JavaScriptCore.framework in Frameworks */ = {isa = PBXBuildFile; fileRef = D3EBBFB318AE60910053799A /* JavaScriptCore.framework */; };
/* End PBXBuildFile section */

/* Begin PBXContainerItemProxy section */
		D30CEEE7189B4D720088CCE4 /* PBXContainerItemProxy */ = {
			isa = PBXContainerItemProxy;
			containerPortal = D30CEEB9189B4D720088CCE4 /* Project object */;
			proxyType = 1;
			remoteGlobalIDString = D30CEEC0189B4D720088CCE4;
			remoteInfo = PureChineseCalendar;
		};
/* End PBXContainerItemProxy section */

/* Begin PBXFileReference section */
		1E0E5E5718B8218F003B20BE /* CoreMotion.framework */ = {isa = PBXFileReference; lastKnownFileType = wrapper.framework; name = CoreMotion.framework; path = System/Library/Frameworks/CoreMotion.framework; sourceTree = SDKROOT; };
		D30CEEC1189B4D720088CCE4 /* PureChineseCalendar.app */ = {isa = PBXFileReference; explicitFileType = wrapper.application; includeInIndex = 0; path = PureChineseCalendar.app; sourceTree = BUILT_PRODUCTS_DIR; };
		D30CEEC4189B4D720088CCE4 /* Foundation.framework */ = {isa = PBXFileReference; lastKnownFileType = wrapper.framework; name = Foundation.framework; path = System/Library/Frameworks/Foundation.framework; sourceTree = SDKROOT; };
		D30CEEC6189B4D720088CCE4 /* CoreGraphics.framework */ = {isa = PBXFileReference; lastKnownFileType = wrapper.framework; name = CoreGraphics.framework; path = System/Library/Frameworks/CoreGraphics.framework; sourceTree = SDKROOT; };
		D30CEEC8189B4D720088CCE4 /* UIKit.framework */ = {isa = PBXFileReference; lastKnownFileType = wrapper.framework; name = UIKit.framework; path = System/Library/Frameworks/UIKit.framework; sourceTree = SDKROOT; };
		D30CEECC189B4D720088CCE4 /* PureChineseCalendar-Info.plist */ = {isa = PBXFileReference; lastKnownFileType = text.plist.xml; path = "PureChineseCalendar-Info.plist"; sourceTree = "<group>"; };
		D30CEECE189B4D720088CCE4 /* en */ = {isa = PBXFileReference; lastKnownFileType = text.plist.strings; name = en; path = en.lproj/InfoPlist.strings; sourceTree = "<group>"; };
		D30CEED0189B4D720088CCE4 /* main.m */ = {isa = PBXFileReference; lastKnownFileType = sourcecode.c.objc; path = main.m; sourceTree = "<group>"; };
		D30CEED2189B4D720088CCE4 /* PureChineseCalendar-Prefix.pch */ = {isa = PBXFileReference; lastKnownFileType = sourcecode.c.h; path = "PureChineseCalendar-Prefix.pch"; sourceTree = "<group>"; };
		D30CEED3189B4D720088CCE4 /* WYAppDelegate.h */ = {isa = PBXFileReference; lastKnownFileType = sourcecode.c.h; path = WYAppDelegate.h; sourceTree = "<group>"; };
		D30CEED4189B4D720088CCE4 /* WYAppDelegate.m */ = {isa = PBXFileReference; lastKnownFileType = sourcecode.c.objc; path = WYAppDelegate.m; sourceTree = "<group>"; };
		D30CEED7189B4D720088CCE4 /* Base */ = {isa = PBXFileReference; lastKnownFileType = file.storyboard; name = Base; path = Base.lproj/Main.storyboard; sourceTree = "<group>"; };
		D30CEEDC189B4D720088CCE4 /* Images.xcassets */ = {isa = PBXFileReference; lastKnownFileType = folder.assetcatalog; path = Images.xcassets; sourceTree = "<group>"; };
		D30CEEE2189B4D720088CCE4 /* PureChineseCalendarTests.xctest */ = {isa = PBXFileReference; explicitFileType = wrapper.cfbundle; includeInIndex = 0; path = PureChineseCalendarTests.xctest; sourceTree = BUILT_PRODUCTS_DIR; };
		D30CEEE3189B4D720088CCE4 /* XCTest.framework */ = {isa = PBXFileReference; lastKnownFileType = wrapper.framework; name = XCTest.framework; path = Library/Frameworks/XCTest.framework; sourceTree = DEVELOPER_DIR; };
		D30CEEEB189B4D720088CCE4 /* PureChineseCalendarTests-Info.plist */ = {isa = PBXFileReference; lastKnownFileType = text.plist.xml; path = "PureChineseCalendarTests-Info.plist"; sourceTree = "<group>"; };
		D30CEEED189B4D720088CCE4 /* en */ = {isa = PBXFileReference; lastKnownFileType = text.plist.strings; name = en; path = en.lproj/InfoPlist.strings; sourceTree = "<group>"; };
		D31A0FDF190A42390000964B /* iTunesArtwork */ = {isa = PBXFileReference; lastKnownFileType = file; path = iTunesArtwork; sourceTree = "<group>"; };
		D31A0FE1190A42420000964B /* iTunesArtwork@2x */ = {isa = PBXFileReference; lastKnownFileType = file; path = "iTunesArtwork@2x"; sourceTree = "<group>"; };
		D37B963018B0A9C200623499 /* WYMainController.h */ = {isa = PBXFileReference; fileEncoding = 4; lastKnownFileType = sourcecode.c.h; name = WYMainController.h; path = Class/WYMainController.h; sourceTree = "<group>"; };
		D37B963118B0A9C200623499 /* WYMainController.m */ = {isa = PBXFileReference; fileEncoding = 4; lastKnownFileType = sourcecode.c.objc; name = WYMainController.m; path = Class/WYMainController.m; sourceTree = "<group>"; };
		D38857E71909D3BC002EC616 /* WYLunarMap.h */ = {isa = PBXFileReference; fileEncoding = 4; lastKnownFileType = sourcecode.c.h; path = WYLunarMap.h; sourceTree = "<group>"; };
		D38857E81909D3BC002EC616 /* WYLunarMap.m */ = {isa = PBXFileReference; fileEncoding = 4; lastKnownFileType = sourcecode.c.objc; path = WYLunarMap.m; sourceTree = "<group>"; };
		D38857EB190FF16D002EC616 /* DPLinearCalendarCell.h */ = {isa = PBXFileReference; fileEncoding = 4; lastKnownFileType = sourcecode.c.h; path = DPLinearCalendarCell.h; sourceTree = "<group>"; };
		D38857EC190FF16D002EC616 /* DPLinearCalendarCell.m */ = {isa = PBXFileReference; fileEncoding = 4; lastKnownFileType = sourcecode.c.objc; path = DPLinearCalendarCell.m; sourceTree = "<group>"; };
		D38857ED190FF16D002EC616 /* DPLinearCalendarScrollView.h */ = {isa = PBXFileReference; fileEncoding = 4; lastKnownFileType = sourcecode.c.h; path = DPLinearCalendarScrollView.h; sourceTree = "<group>"; };
		D38857EE190FF16D002EC616 /* DPLinearCalendarScrollView.m */ = {isa = PBXFileReference; fileEncoding = 4; lastKnownFileType = sourcecode.c.objc; path = DPLinearCalendarScrollView.m; sourceTree = "<group>"; };
		D38857EF190FF16D002EC616 /* NSDate+Helpers.h */ = {isa = PBXFileReference; fileEncoding = 4; lastKnownFileType = sourcecode.c.h; path = "NSDate+Helpers.h"; sourceTree = "<group>"; };
		D38857F0190FF16D002EC616 /* NSDate+Helpers.m */ = {isa = PBXFileReference; fileEncoding = 4; lastKnownFileType = sourcecode.c.objc; path = "NSDate+Helpers.m"; sourceTree = "<group>"; };
		D38857F41912116C002EC616 /* WYDate.h */ = {isa = PBXFileReference; fileEncoding = 4; lastKnownFileType = sourcecode.c.h; path = WYDate.h; sourceTree = "<group>"; };
		D38857F51912116C002EC616 /* WYDate.m */ = {isa = PBXFileReference; fileEncoding = 4; lastKnownFileType = sourcecode.c.objc; path = WYDate.m; sourceTree = "<group>"; };
		D38857F719122CB3002EC616 /* WYDateTest.m */ = {isa = PBXFileReference; fileEncoding = 4; lastKnownFileType = sourcecode.c.objc; path = WYDateTest.m; sourceTree = "<group>"; };
		D3C08D89190B5A3500377905 /* WYCurrentMonthView.h */ = {isa = PBXFileReference; fileEncoding = 4; lastKnownFileType = sourcecode.c.h; path = WYCurrentMonthView.h; sourceTree = "<group>"; };
		D3C08D8A190B5A3500377905 /* WYCurrentMonthView.m */ = {isa = PBXFileReference; fileEncoding = 4; lastKnownFileType = sourcecode.c.objc; path = WYCurrentMonthView.m; sourceTree = "<group>"; };
		D3C08D8C190B5B0800377905 /* README.md */ = {isa = PBXFileReference; fileEncoding = 4; lastKnownFileType = text; path = README.md; sourceTree = "<group>"; };
		D3C08D8E190BEEAF00377905 /* backImage@2x.png */ = {isa = PBXFileReference; lastKnownFileType = image.png; path = "backImage@2x.png"; sourceTree = "<group>"; };
		D3C08D8F190BEEAF00377905 /* backImage.png */ = {isa = PBXFileReference; lastKnownFileType = image.png; path = backImage.png; sourceTree = "<group>"; };
		D3E62B07190E11200084C309 /* CoreText.framework */ = {isa = PBXFileReference; lastKnownFileType = wrapper.framework; name = CoreText.framework; path = System/Library/Frameworks/CoreText.framework; sourceTree = SDKROOT; };
		D3EBBFB318AE60910053799A /* JavaScriptCore.framework */ = {isa = PBXFileReference; lastKnownFileType = wrapper.framework; name = JavaScriptCore.framework; path = System/Library/Frameworks/JavaScriptCore.framework; sourceTree = SDKROOT; };
/* End PBXFileReference section */

/* Begin PBXFrameworksBuildPhase section */
		D30CEEBE189B4D720088CCE4 /* Frameworks */ = {
			isa = PBXFrameworksBuildPhase;
			buildActionMask = 2147483647;
			files = (
				D3E62B08190E11200084C309 /* CoreText.framework in Frameworks */,
				1E0E5E5818B8218F003B20BE /* CoreMotion.framework in Frameworks */,
				D3EBBFB418AE60910053799A /* JavaScriptCore.framework in Frameworks */,
				D30CEEC7189B4D720088CCE4 /* CoreGraphics.framework in Frameworks */,
				D30CEEC9189B4D720088CCE4 /* UIKit.framework in Frameworks */,
				D30CEEC5189B4D720088CCE4 /* Foundation.framework in Frameworks */,
			);
			runOnlyForDeploymentPostprocessing = 0;
		};
		D30CEEDF189B4D720088CCE4 /* Frameworks */ = {
			isa = PBXFrameworksBuildPhase;
			buildActionMask = 2147483647;
			files = (
				D30CEEE4189B4D720088CCE4 /* XCTest.framework in Frameworks */,
				D30CEEE6189B4D720088CCE4 /* UIKit.framework in Frameworks */,
				D30CEEE5189B4D720088CCE4 /* Foundation.framework in Frameworks */,
			);
			runOnlyForDeploymentPostprocessing = 0;
		};
/* End PBXFrameworksBuildPhase section */

/* Begin PBXGroup section */
		D30CEEB8189B4D720088CCE4 = {
			isa = PBXGroup;
			children = (
				D3C08D8C190B5B0800377905 /* README.md */,
				D30CEECA189B4D720088CCE4 /* PureChineseCalendar */,
				D30CEEE9189B4D720088CCE4 /* PureChineseCalendarTests */,
				D30CEEC3189B4D720088CCE4 /* Frameworks */,
				D30CEEC2189B4D720088CCE4 /* Products */,
			);
			sourceTree = "<group>";
		};
		D30CEEC2189B4D720088CCE4 /* Products */ = {
			isa = PBXGroup;
			children = (
				D30CEEC1189B4D720088CCE4 /* PureChineseCalendar.app */,
				D30CEEE2189B4D720088CCE4 /* PureChineseCalendarTests.xctest */,
			);
			name = Products;
			sourceTree = "<group>";
		};
		D30CEEC3189B4D720088CCE4 /* Frameworks */ = {
			isa = PBXGroup;
			children = (
				D3E62B07190E11200084C309 /* CoreText.framework */,
				1E0E5E5718B8218F003B20BE /* CoreMotion.framework */,
				D3EBBFB318AE60910053799A /* JavaScriptCore.framework */,
				D30CEEC4189B4D720088CCE4 /* Foundation.framework */,
				D30CEEC6189B4D720088CCE4 /* CoreGraphics.framework */,
				D30CEEC8189B4D720088CCE4 /* UIKit.framework */,
				D30CEEE3189B4D720088CCE4 /* XCTest.framework */,
			);
			name = Frameworks;
			sourceTree = "<group>";
		};
		D30CEECA189B4D720088CCE4 /* PureChineseCalendar */ = {
			isa = PBXGroup;
			children = (
				D30CEED6189B4D720088CCE4 /* Main.storyboard */,
				D30CEED3189B4D720088CCE4 /* WYAppDelegate.h */,
				D30CEED4189B4D720088CCE4 /* WYAppDelegate.m */,
				D37B963018B0A9C200623499 /* WYMainController.h */,
				D37B963118B0A9C200623499 /* WYMainController.m */,
				D38857E71909D3BC002EC616 /* WYLunarMap.h */,
				D38857E81909D3BC002EC616 /* WYLunarMap.m */,
				D3C08D89190B5A3500377905 /* WYCurrentMonthView.h */,
				D3C08D8A190B5A3500377905 /* WYCurrentMonthView.m */,
				D38857EA190FF16D002EC616 /* DPLinearCalendar */,
				D30CEECB189B4D720088CCE4 /* Supporting Files */,
			);
			path = PureChineseCalendar;
			sourceTree = "<group>";
		};
		D30CEECB189B4D720088CCE4 /* Supporting Files */ = {
			isa = PBXGroup;
			children = (
				D3C08D8E190BEEAF00377905 /* backImage@2x.png */,
				D3C08D8F190BEEAF00377905 /* backImage.png */,
				D31A0FDF190A42390000964B /* iTunesArtwork */,
				D31A0FE1190A42420000964B /* iTunesArtwork@2x */,
				D30CEEDC189B4D720088CCE4 /* Images.xcassets */,
				D30CEECC189B4D720088CCE4 /* PureChineseCalendar-Info.plist */,
				D30CEECD189B4D720088CCE4 /* InfoPlist.strings */,
				D30CEED0189B4D720088CCE4 /* main.m */,
				D30CEED2189B4D720088CCE4 /* PureChineseCalendar-Prefix.pch */,
			);
			name = "Supporting Files";
			sourceTree = "<group>";
		};
		D30CEEE9189B4D720088CCE4 /* PureChineseCalendarTests */ = {
			isa = PBXGroup;
			children = (
				D38857F719122CB3002EC616 /* WYDateTest.m */,
				D30CEEEA189B4D720088CCE4 /* Supporting Files */,
			);
			path = PureChineseCalendarTests;
			sourceTree = "<group>";
		};
		D30CEEEA189B4D720088CCE4 /* Supporting Files */ = {
			isa = PBXGroup;
			children = (
				D30CEEEB189B4D720088CCE4 /* PureChineseCalendarTests-Info.plist */,
				D30CEEEC189B4D720088CCE4 /* InfoPlist.strings */,
			);
			name = "Supporting Files";
			sourceTree = "<group>";
		};
		D38857EA190FF16D002EC616 /* DPLinearCalendar */ = {
			isa = PBXGroup;
			children = (
				D38857EB190FF16D002EC616 /* DPLinearCalendarCell.h */,
				D38857EC190FF16D002EC616 /* DPLinearCalendarCell.m */,
				D38857ED190FF16D002EC616 /* DPLinearCalendarScrollView.h */,
				D38857EE190FF16D002EC616 /* DPLinearCalendarScrollView.m */,
				D38857EF190FF16D002EC616 /* NSDate+Helpers.h */,
				D38857F0190FF16D002EC616 /* NSDate+Helpers.m */,
				D38857F41912116C002EC616 /* WYDate.h */,
				D38857F51912116C002EC616 /* WYDate.m */,
			);
			path = DPLinearCalendar;
			sourceTree = "<group>";
		};
/* End PBXGroup section */

/* Begin PBXNativeTarget section */
		D30CEEC0189B4D720088CCE4 /* PureChineseCalendar */ = {
			isa = PBXNativeTarget;
			buildConfigurationList = D30CEEF3189B4D720088CCE4 /* Build configuration list for PBXNativeTarget "PureChineseCalendar" */;
			buildPhases = (
				D30CEEBD189B4D720088CCE4 /* Sources */,
				D30CEEBE189B4D720088CCE4 /* Frameworks */,
				D30CEEBF189B4D720088CCE4 /* Resources */,
			);
			buildRules = (
			);
			dependencies = (
			);
			name = PureChineseCalendar;
			productName = PureChineseCalendar;
			productReference = D30CEEC1189B4D720088CCE4 /* PureChineseCalendar.app */;
			productType = "com.apple.product-type.application";
		};
		D30CEEE1189B4D720088CCE4 /* PureChineseCalendarTests */ = {
			isa = PBXNativeTarget;
			buildConfigurationList = D30CEEF6189B4D720088CCE4 /* Build configuration list for PBXNativeTarget "PureChineseCalendarTests" */;
			buildPhases = (
				D30CEEDE189B4D720088CCE4 /* Sources */,
				D30CEEDF189B4D720088CCE4 /* Frameworks */,
				D30CEEE0189B4D720088CCE4 /* Resources */,
			);
			buildRules = (
			);
			dependencies = (
				D30CEEE8189B4D720088CCE4 /* PBXTargetDependency */,
			);
			name = PureChineseCalendarTests;
			productName = PureChineseCalendarTests;
			productReference = D30CEEE2189B4D720088CCE4 /* PureChineseCalendarTests.xctest */;
			productType = "com.apple.product-type.bundle.unit-test";
		};
/* End PBXNativeTarget section */

/* Begin PBXProject section */
		D30CEEB9189B4D720088CCE4 /* Project object */ = {
			isa = PBXProject;
			attributes = {
				CLASSPREFIX = WY;
				LastUpgradeCheck = 0510;
				ORGANIZATIONNAME = com.wy;
				TargetAttributes = {
					D30CEEC0189B4D720088CCE4 = {
						DevelopmentTeam = G7N93KA244;
					};
					D30CEEE1189B4D720088CCE4 = {
						TestTargetID = D30CEEC0189B4D720088CCE4;
					};
				};
			};
			buildConfigurationList = D30CEEBC189B4D720088CCE4 /* Build configuration list for PBXProject "PureChineseCalendar" */;
			compatibilityVersion = "Xcode 3.2";
			developmentRegion = English;
			hasScannedForEncodings = 0;
			knownRegions = (
				en,
				Base,
			);
			mainGroup = D30CEEB8189B4D720088CCE4;
			productRefGroup = D30CEEC2189B4D720088CCE4 /* Products */;
			projectDirPath = "";
			projectRoot = "";
			targets = (
				D30CEEC0189B4D720088CCE4 /* PureChineseCalendar */,
				D30CEEE1189B4D720088CCE4 /* PureChineseCalendarTests */,
			);
		};
/* End PBXProject section */

/* Begin PBXResourcesBuildPhase section */
		D30CEEBF189B4D720088CCE4 /* Resources */ = {
			isa = PBXResourcesBuildPhase;
			buildActionMask = 2147483647;
			files = (
				D30CEEDD189B4D720088CCE4 /* Images.xcassets in Resources */,
				D3C08D91190BEEAF00377905 /* backImage.png in Resources */,
				D31A0FE0190A42390000964B /* iTunesArtwork in Resources */,
				D30CEECF189B4D720088CCE4 /* InfoPlist.strings in Resources */,
				D3C08D8D190B5B0800377905 /* README.md in Resources */,
				D30CEED8189B4D720088CCE4 /* Main.storyboard in Resources */,
				D3C08D90190BEEAF00377905 /* backImage@2x.png in Resources */,
			);
			runOnlyForDeploymentPostprocessing = 0;
		};
		D30CEEE0189B4D720088CCE4 /* Resources */ = {
			isa = PBXResourcesBuildPhase;
			buildActionMask = 2147483647;
			files = (
				D30CEEEE189B4D720088CCE4 /* InfoPlist.strings in Resources */,
			);
			runOnlyForDeploymentPostprocessing = 0;
		};
/* End PBXResourcesBuildPhase section */

/* Begin PBXSourcesBuildPhase section */
		D30CEEBD189B4D720088CCE4 /* Sources */ = {
			isa = PBXSourcesBuildPhase;
			buildActionMask = 2147483647;
			files = (
				D30CEED5189B4D720088CCE4 /* WYAppDelegate.m in Sources */,
				D38857F2190FF16D002EC616 /* DPLinearCalendarScrollView.m in Sources */,
				D30CEED1189B4D720088CCE4 /* main.m in Sources */,
				D38857F1190FF16D002EC616 /* DPLinearCalendarCell.m in Sources */,
				D38857F3190FF16D002EC616 /* NSDate+Helpers.m in Sources */,
				D3C08D8B190B5A3500377905 /* WYCurrentMonthView.m in Sources */,
				D38857F61912116C002EC616 /* WYDate.m in Sources */,
				D37B963218B0A9C200623499 /* WYMainController.m in Sources */,
				D38857E91909D3BC002EC616 /* WYLunarMap.m in Sources */,
			);
			runOnlyForDeploymentPostprocessing = 0;
		};
		D30CEEDE189B4D720088CCE4 /* Sources */ = {
			isa = PBXSourcesBuildPhase;
			buildActionMask = 2147483647;
			files = (
				D38857F819122CB3002EC616 /* WYDateTest.m in Sources */,
			);
			runOnlyForDeploymentPostprocessing = 0;
		};
/* End PBXSourcesBuildPhase section */

/* Begin PBXTargetDependency section */
		D30CEEE8189B4D720088CCE4 /* PBXTargetDependency */ = {
			isa = PBXTargetDependency;
			target = D30CEEC0189B4D720088CCE4 /* PureChineseCalendar */;
			targetProxy = D30CEEE7189B4D720088CCE4 /* PBXContainerItemProxy */;
		};
/* End PBXTargetDependency section */

/* Begin PBXVariantGroup section */
		D30CEECD189B4D720088CCE4 /* InfoPlist.strings */ = {
			isa = PBXVariantGroup;
			children = (
				D30CEECE189B4D720088CCE4 /* en */,
			);
			name = InfoPlist.strings;
			sourceTree = "<group>";
		};
		D30CEED6189B4D720088CCE4 /* Main.storyboard */ = {
			isa = PBXVariantGroup;
			children = (
				D30CEED7189B4D720088CCE4 /* Base */,
			);
			name = Main.storyboard;
			sourceTree = "<group>";
		};
		D30CEEEC189B4D720088CCE4 /* InfoPlist.strings */ = {
			isa = PBXVariantGroup;
			children = (
				D30CEEED189B4D720088CCE4 /* en */,
			);
			name = InfoPlist.strings;
			sourceTree = "<group>";
		};
/* End PBXVariantGroup section */

/* Begin XCBuildConfiguration section */
		D30CEEF1189B4D720088CCE4 /* Debug */ = {
			isa = XCBuildConfiguration;
			buildSettings = {
				ALWAYS_SEARCH_USER_PATHS = NO;
				CLANG_CXX_LANGUAGE_STANDARD = "gnu++0x";
				CLANG_CXX_LIBRARY = "libc++";
				CLANG_ENABLE_MODULES = YES;
				CLANG_ENABLE_OBJC_ARC = YES;
				CLANG_WARN_BOOL_CONVERSION = YES;
				CLANG_WARN_CONSTANT_CONVERSION = YES;
				CLANG_WARN_DIRECT_OBJC_ISA_USAGE = YES_ERROR;
				CLANG_WARN_EMPTY_BODY = YES;
				CLANG_WARN_ENUM_CONVERSION = YES;
				CLANG_WARN_INT_CONVERSION = YES;
				CLANG_WARN_OBJC_ROOT_CLASS = YES_ERROR;
				CLANG_WARN__DUPLICATE_METHOD_MATCH = YES;
				"CODE_SIGN_IDENTITY[sdk=iphoneos*]" = "iPhone Developer";
				COPY_PHASE_STRIP = NO;
				GCC_C_LANGUAGE_STANDARD = gnu99;
				GCC_DYNAMIC_NO_PIC = NO;
				GCC_OPTIMIZATION_LEVEL = 0;
				GCC_PREPROCESSOR_DEFINITIONS = (
					"DEBUG=1",
					"$(inherited)",
				);
				GCC_SYMBOLS_PRIVATE_EXTERN = NO;
				GCC_WARN_64_TO_32_BIT_CONVERSION = YES;
				GCC_WARN_ABOUT_RETURN_TYPE = YES_ERROR;
				GCC_WARN_UNDECLARED_SELECTOR = YES;
				GCC_WARN_UNINITIALIZED_AUTOS = YES;
				GCC_WARN_UNUSED_FUNCTION = YES;
				GCC_WARN_UNUSED_VARIABLE = YES;
				IPHONEOS_DEPLOYMENT_TARGET = 7.0;
				ONLY_ACTIVE_ARCH = YES;
				SDKROOT = iphoneos;
			};
			name = Debug;
		};
		D30CEEF2189B4D720088CCE4 /* Release */ = {
			isa = XCBuildConfiguration;
			buildSettings = {
				ALWAYS_SEARCH_USER_PATHS = NO;
				CLANG_CXX_LANGUAGE_STANDARD = "gnu++0x";
				CLANG_CXX_LIBRARY = "libc++";
				CLANG_ENABLE_MODULES = YES;
				CLANG_ENABLE_OBJC_ARC = YES;
				CLANG_WARN_BOOL_CONVERSION = YES;
				CLANG_WARN_CONSTANT_CONVERSION = YES;
				CLANG_WARN_DIRECT_OBJC_ISA_USAGE = YES_ERROR;
				CLANG_WARN_EMPTY_BODY = YES;
				CLANG_WARN_ENUM_CONVERSION = YES;
				CLANG_WARN_INT_CONVERSION = YES;
				CLANG_WARN_OBJC_ROOT_CLASS = YES_ERROR;
				CLANG_WARN__DUPLICATE_METHOD_MATCH = YES;
				"CODE_SIGN_IDENTITY[sdk=iphoneos*]" = "iPhone Developer";
				COPY_PHASE_STRIP = YES;
				ENABLE_NS_ASSERTIONS = NO;
				GCC_C_LANGUAGE_STANDARD = gnu99;
				GCC_WARN_64_TO_32_BIT_CONVERSION = YES;
				GCC_WARN_ABOUT_RETURN_TYPE = YES_ERROR;
				GCC_WARN_UNDECLARED_SELECTOR = YES;
				GCC_WARN_UNINITIALIZED_AUTOS = YES;
				GCC_WARN_UNUSED_FUNCTION = YES;
				GCC_WARN_UNUSED_VARIABLE = YES;
				IPHONEOS_DEPLOYMENT_TARGET = 7.0;
				SDKROOT = iphoneos;
				VALIDATE_PRODUCT = YES;
			};
			name = Release;
		};
		D30CEEF4189B4D720088CCE4 /* Debug */ = {
			isa = XCBuildConfiguration;
			buildSettings = {
				ASSETCATALOG_COMPILER_APPICON_NAME = AppIcon;
				ASSETCATALOG_COMPILER_LAUNCHIMAGE_NAME = LaunchImage;
				CODE_SIGN_IDENTITY = "iPhone Developer";
				GCC_PRECOMPILE_PREFIX_HEADER = YES;
				GCC_PREFIX_HEADER = "PureChineseCalendar/PureChineseCalendar-Prefix.pch";
				INFOPLIST_FILE = "PureChineseCalendar/PureChineseCalendar-Info.plist";
				PRODUCT_NAME = "$(TARGET_NAME)";
				WRAPPER_EXTENSION = app;
			};
			name = Debug;
		};
		D30CEEF5189B4D720088CCE4 /* Release */ = {
			isa = XCBuildConfiguration;
			buildSettings = {
				ASSETCATALOG_COMPILER_APPICON_NAME = AppIcon;
				ASSETCATALOG_COMPILER_LAUNCHIMAGE_NAME = LaunchImage;
				CODE_SIGN_IDENTITY = "iPhone Developer";
				GCC_PRECOMPILE_PREFIX_HEADER = YES;
				GCC_PREFIX_HEADER = "PureChineseCalendar/PureChineseCalendar-Prefix.pch";
				INFOPLIST_FILE = "PureChineseCalendar/PureChineseCalendar-Info.plist";
				PRODUCT_NAME = "$(TARGET_NAME)";
				WRAPPER_EXTENSION = app;
			};
			name = Release;
		};
		D30CEEF7189B4D720088CCE4 /* Debug */ = {
			isa = XCBuildConfiguration;
			buildSettings = {
				BUNDLE_LOADER = "$(BUILT_PRODUCTS_DIR)/PureChineseCalendar.app/PureChineseCalendar";
				FRAMEWORK_SEARCH_PATHS = (
					"$(SDKROOT)/Developer/Library/Frameworks",
					"$(inherited)",
					"$(DEVELOPER_FRAMEWORKS_DIR)",
				);
				GCC_PRECOMPILE_PREFIX_HEADER = YES;
				GCC_PREFIX_HEADER = "PureChineseCalendar/PureChineseCalendar-Prefix.pch";
				GCC_PREPROCESSOR_DEFINITIONS = (
					"DEBUG=1",
					"$(inherited)",
				);
				INFOPLIST_FILE = "PureChineseCalendarTests/PureChineseCalendarTests-Info.plist";
				PRODUCT_NAME = "$(TARGET_NAME)";
				TEST_HOST = "$(BUNDLE_LOADER)";
				WRAPPER_EXTENSION = xctest;
			};
			name = Debug;
		};
		D30CEEF8189B4D720088CCE4 /* Release */ = {
			isa = XCBuildConfiguration;
			buildSettings = {
				BUNDLE_LOADER = "$(BUILT_PRODUCTS_DIR)/PureChineseCalendar.app/PureChineseCalendar";
				FRAMEWORK_SEARCH_PATHS = (
					"$(SDKROOT)/Developer/Library/Frameworks",
					"$(inherited)",
					"$(DEVELOPER_FRAMEWORKS_DIR)",
				);
				GCC_PRECOMPILE_PREFIX_HEADER = YES;
				GCC_PREFIX_HEADER = "PureChineseCalendar/PureChineseCalendar-Prefix.pch";
				INFOPLIST_FILE = "PureChineseCalendarTests/PureChineseCalendarTests-Info.plist";
				PRODUCT_NAME = "$(TARGET_NAME)";
				TEST_HOST = "$(BUNDLE_LOADER)";
				WRAPPER_EXTENSION = xctest;
			};
			name = Release;
		};
/* End XCBuildConfiguration section */

/* Begin XCConfigurationList section */
		D30CEEBC189B4D720088CCE4 /* Build configuration list for PBXProject "PureChineseCalendar" */ = {
			isa = XCConfigurationList;
			buildConfigurations = (
				D30CEEF1189B4D720088CCE4 /* Debug */,
				D30CEEF2189B4D720088CCE4 /* Release */,
			);
			defaultConfigurationIsVisible = 0;
			defaultConfigurationName = Release;
		};
		D30CEEF3189B4D720088CCE4 /* Build configuration list for PBXNativeTarget "PureChineseCalendar" */ = {
			isa = XCConfigurationList;
			buildConfigurations = (
				D30CEEF4189B4D720088CCE4 /* Debug */,
				D30CEEF5189B4D720088CCE4 /* Release */,
			);
			defaultConfigurationIsVisible = 0;
			defaultConfigurationName = Release;
		};
		D30CEEF6189B4D720088CCE4 /* Build configuration list for PBXNativeTarget "PureChineseCalendarTests" */ = {
			isa = XCConfigurationList;
			buildConfigurations = (
				D30CEEF7189B4D720088CCE4 /* Debug */,
				D30CEEF8189B4D720088CCE4 /* Release */,
			);
			defaultConfigurationIsVisible = 0;
			defaultConfigurationName = Release;
		};
/* End XCConfigurationList section */
	};
	rootObject = D30CEEB9189B4D720088CCE4 /* Project object */;
}
