// !$*UTF8*$!
{
	archiveVersion = 1;
	classes = {
	};
	objectVersion = 46;
	objects = {

/* Begin PBXBuildFile section */
		1E0E5E5818B8218F003B20BE /* CoreMotion.framework in Frameworks */ = {isa = PBXBuildFile; fileRef = 1E0E5E5718B8218F003B20BE /* CoreMotion.framework */; };
		1E3BAA8918BCDEEE00C697D6 /* WYCurrentMonthView.m in Sources */ = {isa = PBXBuildFile; fileRef = 1E3BAA8818BCDEEE00C697D6 /* WYCurrentMonthView.m */; };
		D30CEEC5189B4D720088CCE4 /* Foundation.framework in Frameworks */ = {isa = PBXBuildFile; fileRef = D30CEEC4189B4D720088CCE4 /* Foundation.framework */; };
		D30CEEC7189B4D720088CCE4 /* CoreGraphics.framework in Frameworks */ = {isa = PBXBuildFile; fileRef = D30CEEC6189B4D720088CCE4 /* CoreGraphics.framework */; };
		D30CEEC9189B4D720088CCE4 /* UIKit.framework in Frameworks */ = {isa = PBXBuildFile; fileRef = D30CEEC8189B4D720088CCE4 /* UIKit.framework */; };
		D30CEECF189B4D720088CCE4 /* InfoPlist.strings in Resources */ = {isa = PBXBuildFile; fileRef = D30CEECD189B4D720088CCE4 /* InfoPlist.strings */; };
		D30CEED1189B4D720088CCE4 /* main.m in Sources */ = {isa = PBXBuildFile; fileRef = D30CEED0189B4D720088CCE4 /* main.m */; };
		D30CEED5189B4D720088CCE4 /* WYAppDelegate.m in Sources */ = {isa = PBXBuildFile; fileRef = D30CEED4189B4D720088CCE4 /* WYAppDelegate.m */; };
		D30CEED8189B4D720088CCE4 /* Main.storyboard in Resources */ = {isa = PBXBuildFile; fileRef = D30CEED6189B4D720088CCE4 /* Main.storyboard */; };
		D30CEEDD189B4D720088CCE4 /* Images.xcassets in Resources */ = {isa = PBXBuildFile; fileRef = D30CEEDC189B4D720088CCE4 /* Images.xcassets */; };
		D30CEEE4189B4D720088CCE4 /* XCTest.framework in Frameworks */ = {isa = PBXBuildFile; fileRef = D30CEEE3189B4D720088CCE4 /* XCTest.framework */; };
		D30CEEE5189B4D720088CCE4 /* Foundation.framework in Frameworks */ = {isa = PBXBuildFile; fileRef = D30CEEC4189B4D720088CCE4 /* Foundation.framework */; };
		D30CEEE6189B4D720088CCE4 /* UIKit.framework in Frameworks */ = {isa = PBXBuildFile; fileRef = D30CEEC8189B4D720088CCE4 /* UIKit.framework */; };
		D30CEEEE189B4D720088CCE4 /* InfoPlist.strings in Resources */ = {isa = PBXBuildFile; fileRef = D30CEEEC189B4D720088CCE4 /* InfoPlist.strings */; };
		D30CEEF0189B4D720088CCE4 /* PureChineseCalendarTests.m in Sources */ = {isa = PBXBuildFile; fileRef = D30CEEEF189B4D720088CCE4 /* PureChineseCalendarTests.m */; };
		D30CEEFA189B56380088CCE4 /* 原则 in Resources */ = {isa = PBXBuildFile; fileRef = D30CEEF9189B56380088CCE4 /* 原则 */; };
		D30CEEFE189B89BA0088CCE4 /* testCalendar.png in Resources */ = {isa = PBXBuildFile; fileRef = D30CEEFD189B89BA0088CCE4 /* testCalendar.png */; };
		D30CEF18189D18A00088CCE4 /* WYLockView.m in Sources */ = {isa = PBXBuildFile; fileRef = D30CEF15189D18A00088CCE4 /* WYLockView.m */; };
		D30CEF19189D18A00088CCE4 /* WYLockViewController.m in Sources */ = {isa = PBXBuildFile; fileRef = D30CEF17189D18A00088CCE4 /* WYLockViewController.m */; };
		D34178D0189F218300E64EBB /* WYToolViewController.m in Sources */ = {isa = PBXBuildFile; fileRef = D34178CF189F218300E64EBB /* WYToolViewController.m */; };
		D34178D3189F21AC00E64EBB /* WYCalendarViewController.m in Sources */ = {isa = PBXBuildFile; fileRef = D34178D2189F21AC00E64EBB /* WYCalendarViewController.m */; };
		D34178D6189F250800E64EBB /* WYWillPresentLockViewSegue.m in Sources */ = {isa = PBXBuildFile; fileRef = D34178D5189F250800E64EBB /* WYWillPresentLockViewSegue.m */; };
		D353B31218C307610018BF62 /* WYParallaxMotion.m in Sources */ = {isa = PBXBuildFile; fileRef = D353B31118C307610018BF62 /* WYParallaxMotion.m */; };
		D36F8E1818ADA10900551997 /* calendar-converter.js in Resources */ = {isa = PBXBuildFile; fileRef = D36F8E1518ADA10900551997 /* calendar-converter.js */; };
		D36F8E1918ADA10900551997 /* MIT-LICENSE.txt in Resources */ = {isa = PBXBuildFile; fileRef = D36F8E1618ADA10900551997 /* MIT-LICENSE.txt */; };
		D36F8E1A18ADA10900551997 /* README.md in Resources */ = {isa = PBXBuildFile; fileRef = D36F8E1718ADA10900551997 /* README.md */; };
		D37B963218B0A9C200623499 /* WYHorizontalScrollViewController.m in Sources */ = {isa = PBXBuildFile; fileRef = D37B963118B0A9C200623499 /* WYHorizontalScrollViewController.m */; };
		D37B963618B0AA3400623499 /* WYCurrentMonthController.m in Sources */ = {isa = PBXBuildFile; fileRef = D37B963518B0AA3400623499 /* WYCurrentMonthController.m */; };
		D37B963E18B0B20500623499 /* README.md in Resources */ = {isa = PBXBuildFile; fileRef = D37B963B18B0B20500623499 /* README.md */; };
		D37B963F18B0B20500623499 /* UIView+Utils.m in Sources */ = {isa = PBXBuildFile; fileRef = D37B963D18B0B20500623499 /* UIView+Utils.m */; };
		D3B3B3DB18A2681700C30BD3 /* WYBodyViewController.m in Sources */ = {isa = PBXBuildFile; fileRef = D3B3B3DA18A2681700C30BD3 /* WYBodyViewController.m */; };
		D3EBBFB418AE60910053799A /* JavaScriptCore.framework in Frameworks */ = {isa = PBXBuildFile; fileRef = D3EBBFB318AE60910053799A /* JavaScriptCore.framework */; };
		D3EBBFB818AEE1DD0053799A /* WYCalendarCalculater.m in Sources */ = {isa = PBXBuildFile; fileRef = D3EBBFB718AEE1DD0053799A /* WYCalendarCalculater.m */; };
		D3EBBFBF18B08C780053799A /* WYCalendarCalculaterTests.m in Sources */ = {isa = PBXBuildFile; fileRef = D3EBBFBE18B08C780053799A /* WYCalendarCalculaterTests.m */; };
/* End PBXBuildFile section */

/* Begin PBXContainerItemProxy section */
		D30CEEE7189B4D720088CCE4 /* PBXContainerItemProxy */ = {
			isa = PBXContainerItemProxy;
			containerPortal = D30CEEB9189B4D720088CCE4 /* Project object */;
			proxyType = 1;
			remoteGlobalIDString = D30CEEC0189B4D720088CCE4;
			remoteInfo = PureChineseCalendar;
		};
/* End PBXContainerItemProxy section */

/* Begin PBXFileReference section */
		1E0E5E5718B8218F003B20BE /* CoreMotion.framework */ = {isa = PBXFileReference; lastKnownFileType = wrapper.framework; name = CoreMotion.framework; path = System/Library/Frameworks/CoreMotion.framework; sourceTree = SDKROOT; };
		1E3BAA8718BCDEEE00C697D6 /* WYCurrentMonthView.h */ = {isa = PBXFileReference; fileEncoding = 4; lastKnownFileType = sourcecode.c.h; name = WYCurrentMonthView.h; path = Class/WYCurrentMonthView.h; sourceTree = "<group>"; };
		1E3BAA8818BCDEEE00C697D6 /* WYCurrentMonthView.m */ = {isa = PBXFileReference; fileEncoding = 4; lastKnownFileType = sourcecode.c.objc; name = WYCurrentMonthView.m; path = Class/WYCurrentMonthView.m; sourceTree = "<group>"; };
		D30CEEC1189B4D720088CCE4 /* PureChineseCalendar.app */ = {isa = PBXFileReference; explicitFileType = wrapper.application; includeInIndex = 0; path = PureChineseCalendar.app; sourceTree = BUILT_PRODUCTS_DIR; };
		D30CEEC4189B4D720088CCE4 /* Foundation.framework */ = {isa = PBXFileReference; lastKnownFileType = wrapper.framework; name = Foundation.framework; path = System/Library/Frameworks/Foundation.framework; sourceTree = SDKROOT; };
		D30CEEC6189B4D720088CCE4 /* CoreGraphics.framework */ = {isa = PBXFileReference; lastKnownFileType = wrapper.framework; name = CoreGraphics.framework; path = System/Library/Frameworks/CoreGraphics.framework; sourceTree = SDKROOT; };
		D30CEEC8189B4D720088CCE4 /* UIKit.framework */ = {isa = PBXFileReference; lastKnownFileType = wrapper.framework; name = UIKit.framework; path = System/Library/Frameworks/UIKit.framework; sourceTree = SDKROOT; };
		D30CEECC189B4D720088CCE4 /* PureChineseCalendar-Info.plist */ = {isa = PBXFileReference; lastKnownFileType = text.plist.xml; path = "PureChineseCalendar-Info.plist"; sourceTree = "<group>"; };
		D30CEECE189B4D720088CCE4 /* en */ = {isa = PBXFileReference; lastKnownFileType = text.plist.strings; name = en; path = en.lproj/InfoPlist.strings; sourceTree = "<group>"; };
		D30CEED0189B4D720088CCE4 /* main.m */ = {isa = PBXFileReference; lastKnownFileType = sourcecode.c.objc; path = main.m; sourceTree = "<group>"; };
		D30CEED2189B4D720088CCE4 /* PureChineseCalendar-Prefix.pch */ = {isa = PBXFileReference; lastKnownFileType = sourcecode.c.h; path = "PureChineseCalendar-Prefix.pch"; sourceTree = "<group>"; };
		D30CEED3189B4D720088CCE4 /* WYAppDelegate.h */ = {isa = PBXFileReference; lastKnownFileType = sourcecode.c.h; path = WYAppDelegate.h; sourceTree = "<group>"; };
		D30CEED4189B4D720088CCE4 /* WYAppDelegate.m */ = {isa = PBXFileReference; lastKnownFileType = sourcecode.c.objc; path = WYAppDelegate.m; sourceTree = "<group>"; };
		D30CEED7189B4D720088CCE4 /* Base */ = {isa = PBXFileReference; lastKnownFileType = file.storyboard; name = Base; path = Base.lproj/Main.storyboard; sourceTree = "<group>"; };
		D30CEEDC189B4D720088CCE4 /* Images.xcassets */ = {isa = PBXFileReference; lastKnownFileType = folder.assetcatalog; path = Images.xcassets; sourceTree = "<group>"; };
		D30CEEE2189B4D720088CCE4 /* PureChineseCalendarTests.xctest */ = {isa = PBXFileReference; explicitFileType = wrapper.cfbundle; includeInIndex = 0; path = PureChineseCalendarTests.xctest; sourceTree = BUILT_PRODUCTS_DIR; };
		D30CEEE3189B4D720088CCE4 /* XCTest.framework */ = {isa = PBXFileReference; lastKnownFileType = wrapper.framework; name = XCTest.framework; path = Library/Frameworks/XCTest.framework; sourceTree = DEVELOPER_DIR; };
		D30CEEEB189B4D720088CCE4 /* PureChineseCalendarTests-Info.plist */ = {isa = PBXFileReference; lastKnownFileType = text.plist.xml; path = "PureChineseCalendarTests-Info.plist"; sourceTree = "<group>"; };
		D30CEEED189B4D720088CCE4 /* en */ = {isa = PBXFileReference; lastKnownFileType = text.plist.strings; name = en; path = en.lproj/InfoPlist.strings; sourceTree = "<group>"; };
		D30CEEEF189B4D720088CCE4 /* PureChineseCalendarTests.m */ = {isa = PBXFileReference; lastKnownFileType = sourcecode.c.objc; path = PureChineseCalendarTests.m; sourceTree = "<group>"; };
		D30CEEF9189B56380088CCE4 /* 原则 */ = {isa = PBXFileReference; fileEncoding = 4; lastKnownFileType = text; path = "原则"; sourceTree = "<group>"; };
		D30CEEFD189B89BA0088CCE4 /* testCalendar.png */ = {isa = PBXFileReference; lastKnownFileType = image.png; path = testCalendar.png; sourceTree = "<group>"; };
		D30CEF14189D18A00088CCE4 /* WYLockView.h */ = {isa = PBXFileReference; fileEncoding = 4; lastKnownFileType = sourcecode.c.h; name = WYLockView.h; path = Class/LockPreview/WYLockView.h; sourceTree = "<group>"; };
		D30CEF15189D18A00088CCE4 /* WYLockView.m */ = {isa = PBXFileReference; fileEncoding = 4; lastKnownFileType = sourcecode.c.objc; name = WYLockView.m; path = Class/LockPreview/WYLockView.m; sourceTree = "<group>"; };
		D30CEF16189D18A00088CCE4 /* WYLockViewController.h */ = {isa = PBXFileReference; fileEncoding = 4; lastKnownFileType = sourcecode.c.h; name = WYLockViewController.h; path = Class/LockPreview/WYLockViewController.h; sourceTree = "<group>"; };
		D30CEF17189D18A00088CCE4 /* WYLockViewController.m */ = {isa = PBXFileReference; fileEncoding = 4; lastKnownFileType = sourcecode.c.objc; name = WYLockViewController.m; path = Class/LockPreview/WYLockViewController.m; sourceTree = "<group>"; };
		D34178CE189F218300E64EBB /* WYToolViewController.h */ = {isa = PBXFileReference; fileEncoding = 4; lastKnownFileType = sourcecode.c.h; name = WYToolViewController.h; path = Class/ToolController/WYToolViewController.h; sourceTree = "<group>"; };
		D34178CF189F218300E64EBB /* WYToolViewController.m */ = {isa = PBXFileReference; fileEncoding = 4; lastKnownFileType = sourcecode.c.objc; name = WYToolViewController.m; path = Class/ToolController/WYToolViewController.m; sourceTree = "<group>"; };
		D34178D1189F21AC00E64EBB /* WYCalendarViewController.h */ = {isa = PBXFileReference; fileEncoding = 4; lastKnownFileType = sourcecode.c.h; name = WYCalendarViewController.h; path = Class/CalendarController/WYCalendarViewController.h; sourceTree = "<group>"; };
		D34178D2189F21AC00E64EBB /* WYCalendarViewController.m */ = {isa = PBXFileReference; fileEncoding = 4; lastKnownFileType = sourcecode.c.objc; name = WYCalendarViewController.m; path = Class/CalendarController/WYCalendarViewController.m; sourceTree = "<group>"; };
		D34178D4189F250800E64EBB /* WYWillPresentLockViewSegue.h */ = {isa = PBXFileReference; fileEncoding = 4; lastKnownFileType = sourcecode.c.h; name = WYWillPresentLockViewSegue.h; path = Class/ToolController/WYWillPresentLockViewSegue.h; sourceTree = "<group>"; };
		D34178D5189F250800E64EBB /* WYWillPresentLockViewSegue.m */ = {isa = PBXFileReference; fileEncoding = 4; lastKnownFileType = sourcecode.c.objc; name = WYWillPresentLockViewSegue.m; path = Class/ToolController/WYWillPresentLockViewSegue.m; sourceTree = "<group>"; };
		D353B31018C307610018BF62 /* WYParallaxMotion.h */ = {isa = PBXFileReference; fileEncoding = 4; lastKnownFileType = sourcecode.c.h; name = WYParallaxMotion.h; path = Class/WYParallaxMotion.h; sourceTree = "<group>"; };
		D353B31118C307610018BF62 /* WYParallaxMotion.m */ = {isa = PBXFileReference; fileEncoding = 4; lastKnownFileType = sourcecode.c.objc; name = WYParallaxMotion.m; path = Class/WYParallaxMotion.m; sourceTree = "<group>"; };
		D36F8E1518ADA10900551997 /* calendar-converter.js */ = {isa = PBXFileReference; fileEncoding = 4; lastKnownFileType = sourcecode.javascript; path = "calendar-converter.js"; sourceTree = "<group>"; };
		D36F8E1618ADA10900551997 /* MIT-LICENSE.txt */ = {isa = PBXFileReference; fileEncoding = 4; lastKnownFileType = text; path = "MIT-LICENSE.txt"; sourceTree = "<group>"; };
		D36F8E1718ADA10900551997 /* README.md */ = {isa = PBXFileReference; fileEncoding = 4; lastKnownFileType = text; path = README.md; sourceTree = "<group>"; };
		D37B963018B0A9C200623499 /* WYHorizontalScrollViewController.h */ = {isa = PBXFileReference; fileEncoding = 4; lastKnownFileType = sourcecode.c.h; name = WYHorizontalScrollViewController.h; path = Class/WYHorizontalScrollViewController.h; sourceTree = "<group>"; };
		D37B963118B0A9C200623499 /* WYHorizontalScrollViewController.m */ = {isa = PBXFileReference; fileEncoding = 4; lastKnownFileType = sourcecode.c.objc; name = WYHorizontalScrollViewController.m; path = Class/WYHorizontalScrollViewController.m; sourceTree = "<group>"; };
		D37B963418B0AA3400623499 /* WYCurrentMonthController.h */ = {isa = PBXFileReference; fileEncoding = 4; lastKnownFileType = sourcecode.c.h; name = WYCurrentMonthController.h; path = Class/WYCurrentMonthController.h; sourceTree = "<group>"; };
		D37B963518B0AA3400623499 /* WYCurrentMonthController.m */ = {isa = PBXFileReference; fileEncoding = 4; lastKnownFileType = sourcecode.c.objc; name = WYCurrentMonthController.m; path = Class/WYCurrentMonthController.m; sourceTree = "<group>"; };
		D37B963B18B0B20500623499 /* README.md */ = {isa = PBXFileReference; fileEncoding = 4; lastKnownFileType = text; path = README.md; sourceTree = "<group>"; };
		D37B963C18B0B20500623499 /* UIView+Utils.h */ = {isa = PBXFileReference; fileEncoding = 4; lastKnownFileType = sourcecode.c.h; path = "UIView+Utils.h"; sourceTree = "<group>"; };
		D37B963D18B0B20500623499 /* UIView+Utils.m */ = {isa = PBXFileReference; fileEncoding = 4; lastKnownFileType = sourcecode.c.objc; path = "UIView+Utils.m"; sourceTree = "<group>"; };
		D37B964218B0B36E00623499 /* DeviceCommon.h */ = {isa = PBXFileReference; fileEncoding = 4; lastKnownFileType = sourcecode.c.h; path = DeviceCommon.h; sourceTree = "<group>"; };
		D37B964318B0B76400623499 /* CalendarKey.h */ = {isa = PBXFileReference; lastKnownFileType = sourcecode.c.h; path = CalendarKey.h; sourceTree = "<group>"; };
		D3B3B3D918A2681700C30BD3 /* WYBodyViewController.h */ = {isa = PBXFileReference; fileEncoding = 4; lastKnownFileType = sourcecode.c.h; name = WYBodyViewController.h; path = Class/BodyController/WYBodyViewController.h; sourceTree = "<group>"; };
		D3B3B3DA18A2681700C30BD3 /* WYBodyViewController.m */ = {isa = PBXFileReference; fileEncoding = 4; lastKnownFileType = sourcecode.c.objc; name = WYBodyViewController.m; path = Class/BodyController/WYBodyViewController.m; sourceTree = "<group>"; };
		D3EBBFB318AE60910053799A /* JavaScriptCore.framework */ = {isa = PBXFileReference; lastKnownFileType = wrapper.framework; name = JavaScriptCore.framework; path = System/Library/Frameworks/JavaScriptCore.framework; sourceTree = SDKROOT; };
		D3EBBFB618AEE1DD0053799A /* WYCalendarCalculater.h */ = {isa = PBXFileReference; fileEncoding = 4; lastKnownFileType = sourcecode.c.h; name = WYCalendarCalculater.h; path = Class/WYCalendarCalculater.h; sourceTree = "<group>"; };
		D3EBBFB718AEE1DD0053799A /* WYCalendarCalculater.m */ = {isa = PBXFileReference; fileEncoding = 4; lastKnownFileType = sourcecode.c.objc; name = WYCalendarCalculater.m; path = Class/WYCalendarCalculater.m; sourceTree = "<group>"; };
		D3EBBFBE18B08C780053799A /* WYCalendarCalculaterTests.m */ = {isa = PBXFileReference; fileEncoding = 4; lastKnownFileType = sourcecode.c.objc; path = WYCalendarCalculaterTests.m; sourceTree = "<group>"; };
/* End PBXFileReference section */

/* Begin PBXFrameworksBuildPhase section */
		D30CEEBE189B4D720088CCE4 /* Frameworks */ = {
			isa = PBXFrameworksBuildPhase;
			buildActionMask = 2147483647;
			files = (
				1E0E5E5818B8218F003B20BE /* CoreMotion.framework in Frameworks */,
				D3EBBFB418AE60910053799A /* JavaScriptCore.framework in Frameworks */,
				D30CEEC7189B4D720088CCE4 /* CoreGraphics.framework in Frameworks */,
				D30CEEC9189B4D720088CCE4 /* UIKit.framework in Frameworks */,
				D30CEEC5189B4D720088CCE4 /* Foundation.framework in Frameworks */,
			);
			runOnlyForDeploymentPostprocessing = 0;
		};
		D30CEEDF189B4D720088CCE4 /* Frameworks */ = {
			isa = PBXFrameworksBuildPhase;
			buildActionMask = 2147483647;
			files = (
				D30CEEE4189B4D720088CCE4 /* XCTest.framework in Frameworks */,
				D30CEEE6189B4D720088CCE4 /* UIKit.framework in Frameworks */,
				D30CEEE5189B4D720088CCE4 /* Foundation.framework in Frameworks */,
			);
			runOnlyForDeploymentPostprocessing = 0;
		};
/* End PBXFrameworksBuildPhase section */

/* Begin PBXGroup section */
		D30CEEB8189B4D720088CCE4 = {
			isa = PBXGroup;
			children = (
				D30CEECA189B4D720088CCE4 /* PureChineseCalendar */,
				D30CEEE9189B4D720088CCE4 /* PureChineseCalendarTests */,
				D30CEEC3189B4D720088CCE4 /* Frameworks */,
				D30CEEC2189B4D720088CCE4 /* Products */,
			);
			sourceTree = "<group>";
		};
		D30CEEC2189B4D720088CCE4 /* Products */ = {
			isa = PBXGroup;
			children = (
				D30CEEC1189B4D720088CCE4 /* PureChineseCalendar.app */,
				D30CEEE2189B4D720088CCE4 /* PureChineseCalendarTests.xctest */,
			);
			name = Products;
			sourceTree = "<group>";
		};
		D30CEEC3189B4D720088CCE4 /* Frameworks */ = {
			isa = PBXGroup;
			children = (
				1E0E5E5718B8218F003B20BE /* CoreMotion.framework */,
				D3EBBFB318AE60910053799A /* JavaScriptCore.framework */,
				D30CEEC4189B4D720088CCE4 /* Foundation.framework */,
				D30CEEC6189B4D720088CCE4 /* CoreGraphics.framework */,
				D30CEEC8189B4D720088CCE4 /* UIKit.framework */,
				D30CEEE3189B4D720088CCE4 /* XCTest.framework */,
			);
			name = Frameworks;
			sourceTree = "<group>";
		};
		D30CEECA189B4D720088CCE4 /* PureChineseCalendar */ = {
			isa = PBXGroup;
			children = (
				D37B964118B0B36E00623499 /* Global */,
				D37B963918B0B20500623499 /* 3Part */,
				D3EBBFB518AEE0410053799A /* Model */,
				D36F8E1418ADA10900551997 /* Converter */,
				D34178CC189F0DF600E64EBB /* ResuseView */,
				D30CEED6189B4D720088CCE4 /* Main.storyboard */,
				D30CEF07189CC0AB0088CCE4 /* VC */,
				D30CEEFD189B89BA0088CCE4 /* testCalendar.png */,
				D30CEED3189B4D720088CCE4 /* WYAppDelegate.h */,
				D30CEED4189B4D720088CCE4 /* WYAppDelegate.m */,
				D30CEEDC189B4D720088CCE4 /* Images.xcassets */,
				D30CEECB189B4D720088CCE4 /* Supporting Files */,
				D30CEEF9189B56380088CCE4 /* 原则 */,
			);
			path = PureChineseCalendar;
			sourceTree = "<group>";
		};
		D30CEECB189B4D720088CCE4 /* Supporting Files */ = {
			isa = PBXGroup;
			children = (
				D30CEECC189B4D720088CCE4 /* PureChineseCalendar-Info.plist */,
				D30CEECD189B4D720088CCE4 /* InfoPlist.strings */,
				D30CEED0189B4D720088CCE4 /* main.m */,
				D30CEED2189B4D720088CCE4 /* PureChineseCalendar-Prefix.pch */,
			);
			name = "Supporting Files";
			sourceTree = "<group>";
		};
		D30CEEE9189B4D720088CCE4 /* PureChineseCalendarTests */ = {
			isa = PBXGroup;
			children = (
				D30CEEEF189B4D720088CCE4 /* PureChineseCalendarTests.m */,
				D3EBBFBE18B08C780053799A /* WYCalendarCalculaterTests.m */,
				D30CEEEA189B4D720088CCE4 /* Supporting Files */,
			);
			path = PureChineseCalendarTests;
			sourceTree = "<group>";
		};
		D30CEEEA189B4D720088CCE4 /* Supporting Files */ = {
			isa = PBXGroup;
			children = (
				D30CEEEB189B4D720088CCE4 /* PureChineseCalendarTests-Info.plist */,
				D30CEEEC189B4D720088CCE4 /* InfoPlist.strings */,
			);
			name = "Supporting Files";
			sourceTree = "<group>";
		};
		D30CEF01189CBEAA0088CCE4 /* LockPreview */ = {
			isa = PBXGroup;
			children = (
				D30CEF14189D18A00088CCE4 /* WYLockView.h */,
				D30CEF15189D18A00088CCE4 /* WYLockView.m */,
				D30CEF16189D18A00088CCE4 /* WYLockViewController.h */,
				D30CEF17189D18A00088CCE4 /* WYLockViewController.m */,
			);
			name = LockPreview;
			sourceTree = "<group>";
		};
		D30CEF07189CC0AB0088CCE4 /* VC */ = {
			isa = PBXGroup;
			children = (
				D37B963318B0A9FB00623499 /* Current Month Controller */,
				D37B962F18B0A8E000623499 /* Horizontal Scoll VC */,
				D3B3B3D818A267D700C30BD3 /* Body Controller */,
				D34178CD189F214200E64EBB /* Tool Controller */,
				D34178C8189D193400E64EBB /* CalendarController */,
				D30CEF01189CBEAA0088CCE4 /* LockPreview */,
			);
			name = VC;
			sourceTree = "<group>";
		};
		D34178C8189D193400E64EBB /* CalendarController */ = {
			isa = PBXGroup;
			children = (
				D34178D1189F21AC00E64EBB /* WYCalendarViewController.h */,
				D34178D2189F21AC00E64EBB /* WYCalendarViewController.m */,
			);
			name = CalendarController;
			sourceTree = "<group>";
		};
		D34178CC189F0DF600E64EBB /* ResuseView */ = {
			isa = PBXGroup;
			children = (
				D353B31018C307610018BF62 /* WYParallaxMotion.h */,
				D353B31118C307610018BF62 /* WYParallaxMotion.m */,
			);
			name = ResuseView;
			sourceTree = "<group>";
		};
		D34178CD189F214200E64EBB /* Tool Controller */ = {
			isa = PBXGroup;
			children = (
				D34178CE189F218300E64EBB /* WYToolViewController.h */,
				D34178CF189F218300E64EBB /* WYToolViewController.m */,
				D34178D4189F250800E64EBB /* WYWillPresentLockViewSegue.h */,
				D34178D5189F250800E64EBB /* WYWillPresentLockViewSegue.m */,
			);
			name = "Tool Controller";
			sourceTree = "<group>";
		};
		D36F8E1418ADA10900551997 /* Converter */ = {
			isa = PBXGroup;
			children = (
				D36F8E1518ADA10900551997 /* calendar-converter.js */,
				D36F8E1618ADA10900551997 /* MIT-LICENSE.txt */,
				D36F8E1718ADA10900551997 /* README.md */,
			);
			path = Converter;
			sourceTree = "<group>";
		};
		D37B962F18B0A8E000623499 /* Horizontal Scoll VC */ = {
			isa = PBXGroup;
			children = (
				D37B963018B0A9C200623499 /* WYHorizontalScrollViewController.h */,
				D37B963118B0A9C200623499 /* WYHorizontalScrollViewController.m */,
			);
			name = "Horizontal Scoll VC";
			sourceTree = "<group>";
		};
		D37B963318B0A9FB00623499 /* Current Month Controller */ = {
			isa = PBXGroup;
			children = (
				D37B963418B0AA3400623499 /* WYCurrentMonthController.h */,
				D37B963518B0AA3400623499 /* WYCurrentMonthController.m */,
				1E3BAA8718BCDEEE00C697D6 /* WYCurrentMonthView.h */,
				1E3BAA8818BCDEEE00C697D6 /* WYCurrentMonthView.m */,
			);
			name = "Current Month Controller";
			sourceTree = "<group>";
		};
		D37B963918B0B20500623499 /* 3Part */ = {
			isa = PBXGroup;
			children = (
				D37B963A18B0B20500623499 /* UIView-Utils */,
			);
			path = 3Part;
			sourceTree = "<group>";
		};
		D37B963A18B0B20500623499 /* UIView-Utils */ = {
			isa = PBXGroup;
			children = (
				D37B963B18B0B20500623499 /* README.md */,
				D37B963C18B0B20500623499 /* UIView+Utils.h */,
				D37B963D18B0B20500623499 /* UIView+Utils.m */,
			);
			path = "UIView-Utils";
			sourceTree = "<group>";
		};
		D37B964118B0B36E00623499 /* Global */ = {
			isa = PBXGroup;
			children = (
				D37B964218B0B36E00623499 /* DeviceCommon.h */,
				D37B964318B0B76400623499 /* CalendarKey.h */,
			);
			path = Global;
			sourceTree = "<group>";
		};
		D3B3B3D818A267D700C30BD3 /* Body Controller */ = {
			isa = PBXGroup;
			children = (
				D3B3B3D918A2681700C30BD3 /* WYBodyViewController.h */,
				D3B3B3DA18A2681700C30BD3 /* WYBodyViewController.m */,
			);
			name = "Body Controller";
			sourceTree = "<group>";
		};
		D3EBBFB518AEE0410053799A /* Model */ = {
			isa = PBXGroup;
			children = (
				D3EBBFB618AEE1DD0053799A /* WYCalendarCalculater.h */,
				D3EBBFB718AEE1DD0053799A /* WYCalendarCalculater.m */,
			);
			name = Model;
			sourceTree = "<group>";
		};
/* End PBXGroup section */

/* Begin PBXNativeTarget section */
		D30CEEC0189B4D720088CCE4 /* PureChineseCalendar */ = {
			isa = PBXNativeTarget;
			buildConfigurationList = D30CEEF3189B4D720088CCE4 /* Build configuration list for PBXNativeTarget "PureChineseCalendar" */;
			buildPhases = (
				D30CEEBD189B4D720088CCE4 /* Sources */,
				D30CEEBE189B4D720088CCE4 /* Frameworks */,
				D30CEEBF189B4D720088CCE4 /* Resources */,
			);
			buildRules = (
			);
			dependencies = (
			);
			name = PureChineseCalendar;
			productName = PureChineseCalendar;
			productReference = D30CEEC1189B4D720088CCE4 /* PureChineseCalendar.app */;
			productType = "com.apple.product-type.application";
		};
		D30CEEE1189B4D720088CCE4 /* PureChineseCalendarTests */ = {
			isa = PBXNativeTarget;
			buildConfigurationList = D30CEEF6189B4D720088CCE4 /* Build configuration list for PBXNativeTarget "PureChineseCalendarTests" */;
			buildPhases = (
				D30CEEDE189B4D720088CCE4 /* Sources */,
				D30CEEDF189B4D720088CCE4 /* Frameworks */,
				D30CEEE0189B4D720088CCE4 /* Resources */,
			);
			buildRules = (
			);
			dependencies = (
				D30CEEE8189B4D720088CCE4 /* PBXTargetDependency */,
			);
			name = PureChineseCalendarTests;
			productName = PureChineseCalendarTests;
			productReference = D30CEEE2189B4D720088CCE4 /* PureChineseCalendarTests.xctest */;
			productType = "com.apple.product-type.bundle.unit-test";
		};
/* End PBXNativeTarget section */

/* Begin PBXProject section */
		D30CEEB9189B4D720088CCE4 /* Project object */ = {
			isa = PBXProject;
			attributes = {
				CLASSPREFIX = WY;
				LastUpgradeCheck = 0500;
				ORGANIZATIONNAME = com.wy;
				TargetAttributes = {
					D30CEEE1189B4D720088CCE4 = {
						TestTargetID = D30CEEC0189B4D720088CCE4;
					};
				};
			};
			buildConfigurationList = D30CEEBC189B4D720088CCE4 /* Build configuration list for PBXProject "PureChineseCalendar" */;
			compatibilityVersion = "Xcode 3.2";
			developmentRegion = English;
			hasScannedForEncodings = 0;
			knownRegions = (
				en,
				Base,
			);
			mainGroup = D30CEEB8189B4D720088CCE4;
			productRefGroup = D30CEEC2189B4D720088CCE4 /* Products */;
			projectDirPath = "";
			projectRoot = "";
			targets = (
				D30CEEC0189B4D720088CCE4 /* PureChineseCalendar */,
				D30CEEE1189B4D720088CCE4 /* PureChineseCalendarTests */,
			);
		};
/* End PBXProject section */

/* Begin PBXResourcesBuildPhase section */
		D30CEEBF189B4D720088CCE4 /* Resources */ = {
			isa = PBXResourcesBuildPhase;
			buildActionMask = 2147483647;
			files = (
				D30CEEDD189B4D720088CCE4 /* Images.xcassets in Resources */,
				D30CEEFE189B89BA0088CCE4 /* testCalendar.png in Resources */,
				D30CEECF189B4D720088CCE4 /* InfoPlist.strings in Resources */,
				D36F8E1A18ADA10900551997 /* README.md in Resources */,
				D30CEEFA189B56380088CCE4 /* 原则 in Resources */,
				D36F8E1818ADA10900551997 /* calendar-converter.js in Resources */,
				D37B963E18B0B20500623499 /* README.md in Resources */,
				D30CEED8189B4D720088CCE4 /* Main.storyboard in Resources */,
				D36F8E1918ADA10900551997 /* MIT-LICENSE.txt in Resources */,
			);
			runOnlyForDeploymentPostprocessing = 0;
		};
		D30CEEE0189B4D720088CCE4 /* Resources */ = {
			isa = PBXResourcesBuildPhase;
			buildActionMask = 2147483647;
			files = (
				D30CEEEE189B4D720088CCE4 /* InfoPlist.strings in Resources */,
			);
			runOnlyForDeploymentPostprocessing = 0;
		};
/* End PBXResourcesBuildPhase section */

/* Begin PBXSourcesBuildPhase section */
		D30CEEBD189B4D720088CCE4 /* Sources */ = {
			isa = PBXSourcesBuildPhase;
			buildActionMask = 2147483647;
			files = (
				D30CEED5189B4D720088CCE4 /* WYAppDelegate.m in Sources */,
				D30CEED1189B4D720088CCE4 /* main.m in Sources */,
				D34178D0189F218300E64EBB /* WYToolViewController.m in Sources */,
				D37B963218B0A9C200623499 /* WYHorizontalScrollViewController.m in Sources */,
				D30CEF19189D18A00088CCE4 /* WYLockViewController.m in Sources */,
				D3EBBFB818AEE1DD0053799A /* WYCalendarCalculater.m in Sources */,
				D37B963F18B0B20500623499 /* UIView+Utils.m in Sources */,
				D34178D6189F250800E64EBB /* WYWillPresentLockViewSegue.m in Sources */,
				D30CEF18189D18A00088CCE4 /* WYLockView.m in Sources */,
				D353B31218C307610018BF62 /* WYParallaxMotion.m in Sources */,
				D3B3B3DB18A2681700C30BD3 /* WYBodyViewController.m in Sources */,
				D37B963618B0AA3400623499 /* WYCurrentMonthController.m in Sources */,
				1E3BAA8918BCDEEE00C697D6 /* WYCurrentMonthView.m in Sources */,
				D34178D3189F21AC00E64EBB /* WYCalendarViewController.m in Sources */,
			);
			runOnlyForDeploymentPostprocessing = 0;
		};
		D30CEEDE189B4D720088CCE4 /* Sources */ = {
			isa = PBXSourcesBuildPhase;
			buildActionMask = 2147483647;
			files = (
				D30CEEF0189B4D720088CCE4 /* PureChineseCalendarTests.m in Sources */,
				D3EBBFBF18B08C780053799A /* WYCalendarCalculaterTests.m in Sources */,
			);
			runOnlyForDeploymentPostprocessing = 0;
		};
/* End PBXSourcesBuildPhase section */

/* Begin PBXTargetDependency section */
		D30CEEE8189B4D720088CCE4 /* PBXTargetDependency */ = {
			isa = PBXTargetDependency;
			target = D30CEEC0189B4D720088CCE4 /* PureChineseCalendar */;
			targetProxy = D30CEEE7189B4D720088CCE4 /* PBXContainerItemProxy */;
		};
/* End PBXTargetDependency section */

/* Begin PBXVariantGroup section */
		D30CEECD189B4D720088CCE4 /* InfoPlist.strings */ = {
			isa = PBXVariantGroup;
			children = (
				D30CEECE189B4D720088CCE4 /* en */,
			);
			name = InfoPlist.strings;
			sourceTree = "<group>";
		};
		D30CEED6189B4D720088CCE4 /* Main.storyboard */ = {
			isa = PBXVariantGroup;
			children = (
				D30CEED7189B4D720088CCE4 /* Base */,
			);
			name = Main.storyboard;
			sourceTree = "<group>";
		};
		D30CEEEC189B4D720088CCE4 /* InfoPlist.strings */ = {
			isa = PBXVariantGroup;
			children = (
				D30CEEED189B4D720088CCE4 /* en */,
			);
			name = InfoPlist.strings;
			sourceTree = "<group>";
		};
/* End PBXVariantGroup section */

/* Begin XCBuildConfiguration section */
		D30CEEF1189B4D720088CCE4 /* Debug */ = {
			isa = XCBuildConfiguration;
			buildSettings = {
				ALWAYS_SEARCH_USER_PATHS = NO;
				ARCHS = "$(ARCHS_STANDARD_INCLUDING_64_BIT)";
				CLANG_CXX_LANGUAGE_STANDARD = "gnu++0x";
				CLANG_CXX_LIBRARY = "libc++";
				CLANG_ENABLE_MODULES = YES;
				CLANG_ENABLE_OBJC_ARC = YES;
				CLANG_WARN_BOOL_CONVERSION = YES;
				CLANG_WARN_CONSTANT_CONVERSION = YES;
				CLANG_WARN_DIRECT_OBJC_ISA_USAGE = YES_ERROR;
				CLANG_WARN_EMPTY_BODY = YES;
				CLANG_WARN_ENUM_CONVERSION = YES;
				CLANG_WARN_INT_CONVERSION = YES;
				CLANG_WARN_OBJC_ROOT_CLASS = YES_ERROR;
				CLANG_WARN__DUPLICATE_METHOD_MATCH = YES;
				"CODE_SIGN_IDENTITY[sdk=iphoneos*]" = "iPhone Developer";
				COPY_PHASE_STRIP = NO;
				GCC_C_LANGUAGE_STANDARD = gnu99;
				GCC_DYNAMIC_NO_PIC = NO;
				GCC_OPTIMIZATION_LEVEL = 0;
				GCC_PREPROCESSOR_DEFINITIONS = (
					"DEBUG=1",
					"$(inherited)",
				);
				GCC_SYMBOLS_PRIVATE_EXTERN = NO;
				GCC_WARN_64_TO_32_BIT_CONVERSION = YES;
				GCC_WARN_ABOUT_RETURN_TYPE = YES_ERROR;
				GCC_WARN_UNDECLARED_SELECTOR = YES;
				GCC_WARN_UNINITIALIZED_AUTOS = YES;
				GCC_WARN_UNUSED_FUNCTION = YES;
				GCC_WARN_UNUSED_VARIABLE = YES;
				IPHONEOS_DEPLOYMENT_TARGET = 7.0;
				ONLY_ACTIVE_ARCH = YES;
				SDKROOT = iphoneos;
			};
			name = Debug;
		};
		D30CEEF2189B4D720088CCE4 /* Release */ = {
			isa = XCBuildConfiguration;
			buildSettings = {
				ALWAYS_SEARCH_USER_PATHS = NO;
				ARCHS = "$(ARCHS_STANDARD_INCLUDING_64_BIT)";
				CLANG_CXX_LANGUAGE_STANDARD = "gnu++0x";
				CLANG_CXX_LIBRARY = "libc++";
				CLANG_ENABLE_MODULES = YES;
				CLANG_ENABLE_OBJC_ARC = YES;
				CLANG_WARN_BOOL_CONVERSION = YES;
				CLANG_WARN_CONSTANT_CONVERSION = YES;
				CLANG_WARN_DIRECT_OBJC_ISA_USAGE = YES_ERROR;
				CLANG_WARN_EMPTY_BODY = YES;
				CLANG_WARN_ENUM_CONVERSION = YES;
				CLANG_WARN_INT_CONVERSION = YES;
				CLANG_WARN_OBJC_ROOT_CLASS = YES_ERROR;
				CLANG_WARN__DUPLICATE_METHOD_MATCH = YES;
				"CODE_SIGN_IDENTITY[sdk=iphoneos*]" = "iPhone Developer";
				COPY_PHASE_STRIP = YES;
				ENABLE_NS_ASSERTIONS = NO;
				GCC_C_LANGUAGE_STANDARD = gnu99;
				GCC_WARN_64_TO_32_BIT_CONVERSION = YES;
				GCC_WARN_ABOUT_RETURN_TYPE = YES_ERROR;
				GCC_WARN_UNDECLARED_SELECTOR = YES;
				GCC_WARN_UNINITIALIZED_AUTOS = YES;
				GCC_WARN_UNUSED_FUNCTION = YES;
				GCC_WARN_UNUSED_VARIABLE = YES;
				IPHONEOS_DEPLOYMENT_TARGET = 7.0;
				SDKROOT = iphoneos;
				VALIDATE_PRODUCT = YES;
			};
			name = Release;
		};
		D30CEEF4189B4D720088CCE4 /* Debug */ = {
			isa = XCBuildConfiguration;
			buildSettings = {
				ASSETCATALOG_COMPILER_APPICON_NAME = AppIcon;
				ASSETCATALOG_COMPILER_LAUNCHIMAGE_NAME = LaunchImage;
				CODE_SIGN_IDENTITY = "iPhone Developer: Yan Zhao (Z4Q8AM2B47)";
				GCC_PRECOMPILE_PREFIX_HEADER = YES;
				GCC_PREFIX_HEADER = "PureChineseCalendar/PureChineseCalendar-Prefix.pch";
				INFOPLIST_FILE = "PureChineseCalendar/PureChineseCalendar-Info.plist";
				PRODUCT_NAME = "$(TARGET_NAME)";
				WRAPPER_EXTENSION = app;
			};
			name = Debug;
		};
		D30CEEF5189B4D720088CCE4 /* Release */ = {
			isa = XCBuildConfiguration;
			buildSettings = {
				ASSETCATALOG_COMPILER_APPICON_NAME = AppIcon;
				ASSETCATALOG_COMPILER_LAUNCHIMAGE_NAME = LaunchImage;
				CODE_SIGN_IDENTITY = "iPhone Developer: Yan Zhao (Z4Q8AM2B47)";
				GCC_PRECOMPILE_PREFIX_HEADER = YES;
				GCC_PREFIX_HEADER = "PureChineseCalendar/PureChineseCalendar-Prefix.pch";
				INFOPLIST_FILE = "PureChineseCalendar/PureChineseCalendar-Info.plist";
				PRODUCT_NAME = "$(TARGET_NAME)";
				WRAPPER_EXTENSION = app;
			};
			name = Release;
		};
		D30CEEF7189B4D720088CCE4 /* Debug */ = {
			isa = XCBuildConfiguration;
			buildSettings = {
				ARCHS = "$(ARCHS_STANDARD_INCLUDING_64_BIT)";
				BUNDLE_LOADER = "$(BUILT_PRODUCTS_DIR)/PureChineseCalendar.app/PureChineseCalendar";
				FRAMEWORK_SEARCH_PATHS = (
					"$(SDKROOT)/Developer/Library/Frameworks",
					"$(inherited)",
					"$(DEVELOPER_FRAMEWORKS_DIR)",
				);
				GCC_PRECOMPILE_PREFIX_HEADER = YES;
				GCC_PREFIX_HEADER = "PureChineseCalendar/PureChineseCalendar-Prefix.pch";
				GCC_PREPROCESSOR_DEFINITIONS = (
					"DEBUG=1",
					"$(inherited)",
				);
				INFOPLIST_FILE = "PureChineseCalendarTests/PureChineseCalendarTests-Info.plist";
				PRODUCT_NAME = "$(TARGET_NAME)";
				TEST_HOST = "$(BUNDLE_LOADER)";
				WRAPPER_EXTENSION = xctest;
			};
			name = Debug;
		};
		D30CEEF8189B4D720088CCE4 /* Release */ = {
			isa = XCBuildConfiguration;
			buildSettings = {
				ARCHS = "$(ARCHS_STANDARD_INCLUDING_64_BIT)";
				BUNDLE_LOADER = "$(BUILT_PRODUCTS_DIR)/PureChineseCalendar.app/PureChineseCalendar";
				FRAMEWORK_SEARCH_PATHS = (
					"$(SDKROOT)/Developer/Library/Frameworks",
					"$(inherited)",
					"$(DEVELOPER_FRAMEWORKS_DIR)",
				);
				GCC_PRECOMPILE_PREFIX_HEADER = YES;
				GCC_PREFIX_HEADER = "PureChineseCalendar/PureChineseCalendar-Prefix.pch";
				INFOPLIST_FILE = "PureChineseCalendarTests/PureChineseCalendarTests-Info.plist";
				PRODUCT_NAME = "$(TARGET_NAME)";
				TEST_HOST = "$(BUNDLE_LOADER)";
				WRAPPER_EXTENSION = xctest;
			};
			name = Release;
		};
/* End XCBuildConfiguration section */

/* Begin XCConfigurationList section */
		D30CEEBC189B4D720088CCE4 /* Build configuration list for PBXProject "PureChineseCalendar" */ = {
			isa = XCConfigurationList;
			buildConfigurations = (
				D30CEEF1189B4D720088CCE4 /* Debug */,
				D30CEEF2189B4D720088CCE4 /* Release */,
			);
			defaultConfigurationIsVisible = 0;
			defaultConfigurationName = Release;
		};
		D30CEEF3189B4D720088CCE4 /* Build configuration list for PBXNativeTarget "PureChineseCalendar" */ = {
			isa = XCConfigurationList;
			buildConfigurations = (
				D30CEEF4189B4D720088CCE4 /* Debug */,
				D30CEEF5189B4D720088CCE4 /* Release */,
			);
			defaultConfigurationIsVisible = 0;
			defaultConfigurationName = Release;
		};
		D30CEEF6189B4D720088CCE4 /* Build configuration list for PBXNativeTarget "PureChineseCalendarTests" */ = {
			isa = XCConfigurationList;
			buildConfigurations = (
				D30CEEF7189B4D720088CCE4 /* Debug */,
				D30CEEF8189B4D720088CCE4 /* Release */,
			);
			defaultConfigurationIsVisible = 0;
			defaultConfigurationName = Release;
		};
/* End XCConfigurationList section */
	};
	rootObject = D30CEEB9189B4D720088CCE4 /* Project object */;
}
